
Microsoft Visual Studio Solution File, Format Version 12.00
# Visual Studio Version 16
VisualStudioVersion = 16.0.31205.134
MinimumVisualStudioVersion = 10.0.40219.1
Project("{FAE04EC0-301F-11D3-BF4B-00C04F79EFBC}") = "TryForm1", "TryForm1\TryForm1.csproj", "{F16000F9-65CE-4A1E-B7B2-6A884A762A90}"
EndProject
Global
	GlobalSection(SolutionConfigurationPlatforms) = preSolution
		Debug|Any CPU = Debug|Any CPU
		Release|Any CPU = Release|Any CPU
	EndGlobalSection
	GlobalSection(ProjectConfigurationPlatforms) = postSolution
		{F16000F9-65CE-4A1E-B7B2-6A884A762A90}.Debug|Any CPU.ActiveCfg = Debug|Any CPU
		{F16000F9-65CE-4A1E-B7B2-6A884A762A90}.Debug|Any CPU.Build.0 = Debug|Any CPU
		{F16000F9-65CE-4A1E-B7B2-6A884A762A90}.Release|Any CPU.ActiveCfg = Release|Any CPU
		{F16000F9-65CE-4A1E-B7B2-6A884A762A90}.Release|Any CPU.Build.0 = Release|Any CPU
	EndGlobalSection
	GlobalSection(SolutionProperties) = preSolution
		HideSolutionNode = FALSE
	EndGlobalSection
	GlobalSection(ExtensibilityGlobals) = postSolution
		SolutionGuid = {2C95A18F-2092-49FA-931C-FE19FAE0F1DA}
	EndGlobalSection
EndGlobal
